// !$*UTF8*$!
{
	archiveVersion = 1;
	classes = {
	};
	objectVersion = 60;
	objects = {

/* Begin PBXBuildFile section */
		550FE11D2BBD257900F619E2 /* IconDesignSystem.swift in Sources */ = {isa = PBXBuildFile; fileRef = 550FE11C2BBD257900F619E2 /* IconDesignSystem.swift */; };
		550FE1202BBD2DDC00F619E2 /* ColorSystem.swift in Sources */ = {isa = PBXBuildFile; fileRef = 550FE11F2BBD2DDC00F619E2 /* ColorSystem.swift */; };
		550FE1232BBD328800F619E2 /* FontSystem.swift in Sources */ = {isa = PBXBuildFile; fileRef = 550FE1222BBD328800F619E2 /* FontSystem.swift */; };
		550FE12E2BBD3E1700F619E2 /* NeueHaasDisplayBold.ttf in Resources */ = {isa = PBXBuildFile; fileRef = 550FE1292BBD389800F619E2 /* NeueHaasDisplayBold.ttf */; };
		550FE12F2BBD3E1700F619E2 /* NeueHaasDisplayMediu.ttf in Resources */ = {isa = PBXBuildFile; fileRef = 550FE12A2BBD389800F619E2 /* NeueHaasDisplayMediu.ttf */; };
		550FE1302BBD3E1700F619E2 /* NeueHaasDisplayRoman.ttf in Resources */ = {isa = PBXBuildFile; fileRef = 550FE1282BBD389800F619E2 /* NeueHaasDisplayRoman.ttf */; };
		550FE1382BBD557D00F619E2 /* HomeAPIEndpoints.swift in Sources */ = {isa = PBXBuildFile; fileRef = 550FE1372BBD557D00F619E2 /* HomeAPIEndpoints.swift */; };
		550FE13B2BBD55E100F619E2 /* ProductsDto.swift in Sources */ = {isa = PBXBuildFile; fileRef = 550FE13A2BBD55E100F619E2 /* ProductsDto.swift */; };
		550FE13F2BBD577A00F619E2 /* HomeRepository.swift in Sources */ = {isa = PBXBuildFile; fileRef = 550FE13E2BBD577A00F619E2 /* HomeRepository.swift */; };
		550FE1412BBD57D400F619E2 /* HomeRemoteRepository.swift in Sources */ = {isa = PBXBuildFile; fileRef = 550FE1402BBD57D400F619E2 /* HomeRemoteRepository.swift */; };
		550FE1442BBD593800F619E2 /* HomeRepositoryProtocol.swift in Sources */ = {isa = PBXBuildFile; fileRef = 550FE1432BBD593800F619E2 /* HomeRepositoryProtocol.swift */; };
		550FE1462BBD59A200F619E2 /* HomeLocalRepository.swift in Sources */ = {isa = PBXBuildFile; fileRef = 550FE1452BBD59A200F619E2 /* HomeLocalRepository.swift */; };
		550FE1492BBD5A9100F619E2 /* ProductEntity.swift in Sources */ = {isa = PBXBuildFile; fileRef = 550FE1482BBD5A9100F619E2 /* ProductEntity.swift */; };
		550FE14B2BBD5AB500F619E2 /* CategoryEntity.swift in Sources */ = {isa = PBXBuildFile; fileRef = 550FE14A2BBD5AB500F619E2 /* CategoryEntity.swift */; };
		550FE14E2BBD5D8000F619E2 /* FetchProductsUsecase.swift in Sources */ = {isa = PBXBuildFile; fileRef = 550FE14D2BBD5D8000F619E2 /* FetchProductsUsecase.swift */; };
		550FE1502BBD5E3500F619E2 /* FetchProductUsecaseProtocol.swift in Sources */ = {isa = PBXBuildFile; fileRef = 550FE14F2BBD5E3500F619E2 /* FetchProductUsecaseProtocol.swift */; };
		550FE1552BBD610100F619E2 /* HomeViewModel.swift in Sources */ = {isa = PBXBuildFile; fileRef = 550FE1542BBD610100F619E2 /* HomeViewModel.swift */; };
		550FE1592BBD611E00F619E2 /* HomePresentationProtocols.swift in Sources */ = {isa = PBXBuildFile; fileRef = 550FE1582BBD611E00F619E2 /* HomePresentationProtocols.swift */; };
		550FE15C2BBD618B00F619E2 /* HomeViewController.swift in Sources */ = {isa = PBXBuildFile; fileRef = 550FE15A2BBD618B00F619E2 /* HomeViewController.swift */; };
		550FE15D2BBD618B00F619E2 /* HomeViewController.xib in Resources */ = {isa = PBXBuildFile; fileRef = 550FE15B2BBD618B00F619E2 /* HomeViewController.xib */; };
		550FE1602BBD624200F619E2 /* HomeCoordinator.swift in Sources */ = {isa = PBXBuildFile; fileRef = 550FE15F2BBD624200F619E2 /* HomeCoordinator.swift */; };
		5529BA8D2BBED9DC00BF292F /* Products.xcdatamodeld in Sources */ = {isa = PBXBuildFile; fileRef = 5529BA8B2BBED9DC00BF292F /* Products.xcdatamodeld */; };
		5529BA902BBEDE2200BF292F /* CoredataStorage.swift in Sources */ = {isa = PBXBuildFile; fileRef = 5529BA8F2BBEDE2200BF292F /* CoredataStorage.swift */; };
		55F109BD2BBCBB7900ECCA6B /* AppDelegate.swift in Sources */ = {isa = PBXBuildFile; fileRef = 55F109BC2BBCBB7900ECCA6B /* AppDelegate.swift */; };
		55F109BF2BBCBB7900ECCA6B /* SceneDelegate.swift in Sources */ = {isa = PBXBuildFile; fileRef = 55F109BE2BBCBB7900ECCA6B /* SceneDelegate.swift */; };
		55F109C62BBCBB7B00ECCA6B /* Assets.xcassets in Resources */ = {isa = PBXBuildFile; fileRef = 55F109C52BBCBB7B00ECCA6B /* Assets.xcassets */; };
		55F109C92BBCBB7B00ECCA6B /* LaunchScreen.storyboard in Resources */ = {isa = PBXBuildFile; fileRef = 55F109C72BBCBB7B00ECCA6B /* LaunchScreen.storyboard */; };
		55F109D62BBCBC5C00ECCA6B /* Endpoint.swift in Sources */ = {isa = PBXBuildFile; fileRef = 55F109D52BBCBC5C00ECCA6B /* Endpoint.swift */; };
		55F109DA2BBCBE5900ECCA6B /* Utilits in Frameworks */ = {isa = PBXBuildFile; productRef = 55F109D92BBCBE5900ECCA6B /* Utilits */; };
		55F109DD2BBCC5CE00ECCA6B /* Observable.swift in Sources */ = {isa = PBXBuildFile; fileRef = 55F109DC2BBCC5CE00ECCA6B /* Observable.swift */; };
		55F109E02BBCC61B00ECCA6B /* SignupCoordinator.swift in Sources */ = {isa = PBXBuildFile; fileRef = 55F109DF2BBCC61B00ECCA6B /* SignupCoordinator.swift */; };
		55F109E22BBCC63200ECCA6B /* AuthCoordinator.swift in Sources */ = {isa = PBXBuildFile; fileRef = 55F109E12BBCC63200ECCA6B /* AuthCoordinator.swift */; };
		55F109E42BBCC64600ECCA6B /* LoginCoordinator.swift in Sources */ = {isa = PBXBuildFile; fileRef = 55F109E32BBCC64600ECCA6B /* LoginCoordinator.swift */; };
		55F109E72BBCC66200ECCA6B /* Coordinator.swift in Sources */ = {isa = PBXBuildFile; fileRef = 55F109E62BBCC66200ECCA6B /* Coordinator.swift */; };
		55F109E92BBCC67D00ECCA6B /* ParentCoordinator.swift in Sources */ = {isa = PBXBuildFile; fileRef = 55F109E82BBCC67D00ECCA6B /* ParentCoordinator.swift */; };
		55F109EC2BBCC69B00ECCA6B /* RootCoordinator.swift in Sources */ = {isa = PBXBuildFile; fileRef = 55F109EB2BBCC69B00ECCA6B /* RootCoordinator.swift */; };
		55F109F22BBCC80500ECCA6B /* SignupEndpoints.swift in Sources */ = {isa = PBXBuildFile; fileRef = 55F109F12BBCC80500ECCA6B /* SignupEndpoints.swift */; };
		55F109F52BBCC81F00ECCA6B /* UserDto.swift in Sources */ = {isa = PBXBuildFile; fileRef = 55F109F42BBCC81F00ECCA6B /* UserDto.swift */; };
		55F109F82BBCC83D00ECCA6B /* SignupData.swift in Sources */ = {isa = PBXBuildFile; fileRef = 55F109F72BBCC83D00ECCA6B /* SignupData.swift */; };
		55F109FB2BBCC87900ECCA6B /* SignupRepository.swift in Sources */ = {isa = PBXBuildFile; fileRef = 55F109FA2BBCC87900ECCA6B /* SignupRepository.swift */; };
		55F109FF2BBCC8D400ECCA6B /* SignupPrsentationProtocols.swift in Sources */ = {isa = PBXBuildFile; fileRef = 55F109FE2BBCC8D400ECCA6B /* SignupPrsentationProtocols.swift */; };
		55F10A042BBCC91600ECCA6B /* SignupViewController.swift in Sources */ = {isa = PBXBuildFile; fileRef = 55F10A022BBCC91600ECCA6B /* SignupViewController.swift */; };
		55F10A052BBCC91600ECCA6B /* SignupViewController.xib in Resources */ = {isa = PBXBuildFile; fileRef = 55F10A032BBCC91600ECCA6B /* SignupViewController.xib */; };
		55F10A072BBCC94C00ECCA6B /* SignupViewModel.swift in Sources */ = {isa = PBXBuildFile; fileRef = 55F10A062BBCC94C00ECCA6B /* SignupViewModel.swift */; };
		55F10A0B2BBCCA0B00ECCA6B /* SignupRepositoryProtocol.swift in Sources */ = {isa = PBXBuildFile; fileRef = 55F10A0A2BBCCA0B00ECCA6B /* SignupRepositoryProtocol.swift */; };
		55F10A0E2BBCCA5700ECCA6B /* SignupUsecase.swift in Sources */ = {isa = PBXBuildFile; fileRef = 55F10A0D2BBCCA5700ECCA6B /* SignupUsecase.swift */; };
		55F10A102BBCCA7400ECCA6B /* SignupUsecaseProtocol.swift in Sources */ = {isa = PBXBuildFile; fileRef = 55F10A0F2BBCCA7400ECCA6B /* SignupUsecaseProtocol.swift */; };
		55F10A132BBCCA9600ECCA6B /* User.swift in Sources */ = {isa = PBXBuildFile; fileRef = 55F10A122BBCCA9600ECCA6B /* User.swift */; };
		55F10A182BBCCF0700ECCA6B /* LoginRepository.swift in Sources */ = {isa = PBXBuildFile; fileRef = 55F10A172BBCCF0700ECCA6B /* LoginRepository.swift */; };
		55F10A1B2BBCCF2400ECCA6B /* TokenDto.swift in Sources */ = {isa = PBXBuildFile; fileRef = 55F10A1A2BBCCF2400ECCA6B /* TokenDto.swift */; };
		55F10A1F2BBCCF9300ECCA6B /* LoginAPIEndpoint.swift in Sources */ = {isa = PBXBuildFile; fileRef = 55F10A1E2BBCCF9300ECCA6B /* LoginAPIEndpoint.swift */; };
		55F10A222BBCCFB400ECCA6B /* LoginData.swift in Sources */ = {isa = PBXBuildFile; fileRef = 55F10A212BBCCFB400ECCA6B /* LoginData.swift */; };
		55F10A2D2BBCD20B00ECCA6B /* LoginPresentationProtocols.swift in Sources */ = {isa = PBXBuildFile; fileRef = 55F10A2C2BBCD20B00ECCA6B /* LoginPresentationProtocols.swift */; };
		55F10A2F2BBCD25D00ECCA6B /* LoginViewModel.swift in Sources */ = {isa = PBXBuildFile; fileRef = 55F10A2E2BBCD25D00ECCA6B /* LoginViewModel.swift */; };
		55F10A322BBCD27600ECCA6B /* LoginViewController.swift in Sources */ = {isa = PBXBuildFile; fileRef = 55F10A302BBCD27600ECCA6B /* LoginViewController.swift */; };
		55F10A332BBCD27600ECCA6B /* LoginViewController.xib in Resources */ = {isa = PBXBuildFile; fileRef = 55F10A312BBCD27600ECCA6B /* LoginViewController.xib */; };
		55F10A372BBCD3A100ECCA6B /* LoginUsecase.swift in Sources */ = {isa = PBXBuildFile; fileRef = 55F10A362BBCD3A100ECCA6B /* LoginUsecase.swift */; };
		55F10A392BBCD3BB00ECCA6B /* LoginUsecaseProtocol.swift in Sources */ = {isa = PBXBuildFile; fileRef = 55F10A382BBCD3BB00ECCA6B /* LoginUsecaseProtocol.swift */; };
		55F10A3C2BBCD3F900ECCA6B /* Token.swift in Sources */ = {isa = PBXBuildFile; fileRef = 55F10A3B2BBCD3F900ECCA6B /* Token.swift */; };
		55F10A3F2BBCD42100ECCA6B /* LoginRepositoryProtocol.swift in Sources */ = {isa = PBXBuildFile; fileRef = 55F10A3E2BBCD42100ECCA6B /* LoginRepositoryProtocol.swift */; };
		55F10A412BBCD46100ECCA6B /* NetworkService.swift in Sources */ = {isa = PBXBuildFile; fileRef = 55F10A402BBCD46100ECCA6B /* NetworkService.swift */; };
		55F10A432BBCD48500ECCA6B /* NetworkError.swift in Sources */ = {isa = PBXBuildFile; fileRef = 55F10A422BBCD48500ECCA6B /* NetworkError.swift */; };
		55F10A4A2BBCF3FB00ECCA6B /* FloatingLabelTextField.xib in Resources */ = {isa = PBXBuildFile; fileRef = 55F10A492BBCF3FB00ECCA6B /* FloatingLabelTextField.xib */; };
		55F10A4C2BBCF50500ECCA6B /* FloatingLabelTextField.swift in Sources */ = {isa = PBXBuildFile; fileRef = 55F10A4B2BBCF50500ECCA6B /* FloatingLabelTextField.swift */; };
/* End PBXBuildFile section */

/* Begin PBXFileReference section */
		550FE11C2BBD257900F619E2 /* IconDesignSystem.swift */ = {isa = PBXFileReference; lastKnownFileType = sourcecode.swift; path = IconDesignSystem.swift; sourceTree = "<group>"; };
		550FE11F2BBD2DDC00F619E2 /* ColorSystem.swift */ = {isa = PBXFileReference; lastKnownFileType = sourcecode.swift; path = ColorSystem.swift; sourceTree = "<group>"; };
		550FE1222BBD328800F619E2 /* FontSystem.swift */ = {isa = PBXFileReference; lastKnownFileType = sourcecode.swift; path = FontSystem.swift; sourceTree = "<group>"; };
		550FE1282BBD389800F619E2 /* NeueHaasDisplayRoman.ttf */ = {isa = PBXFileReference; lastKnownFileType = file; path = NeueHaasDisplayRoman.ttf; sourceTree = "<group>"; };
		550FE1292BBD389800F619E2 /* NeueHaasDisplayBold.ttf */ = {isa = PBXFileReference; lastKnownFileType = file; path = NeueHaasDisplayBold.ttf; sourceTree = "<group>"; };
		550FE12A2BBD389800F619E2 /* NeueHaasDisplayMediu.ttf */ = {isa = PBXFileReference; lastKnownFileType = file; path = NeueHaasDisplayMediu.ttf; sourceTree = "<group>"; };
		550FE1372BBD557D00F619E2 /* HomeAPIEndpoints.swift */ = {isa = PBXFileReference; lastKnownFileType = sourcecode.swift; path = HomeAPIEndpoints.swift; sourceTree = "<group>"; };
		550FE13A2BBD55E100F619E2 /* ProductsDto.swift */ = {isa = PBXFileReference; lastKnownFileType = sourcecode.swift; path = ProductsDto.swift; sourceTree = "<group>"; };
		550FE13E2BBD577A00F619E2 /* HomeRepository.swift */ = {isa = PBXFileReference; lastKnownFileType = sourcecode.swift; path = HomeRepository.swift; sourceTree = "<group>"; };
		550FE1402BBD57D400F619E2 /* HomeRemoteRepository.swift */ = {isa = PBXFileReference; lastKnownFileType = sourcecode.swift; path = HomeRemoteRepository.swift; sourceTree = "<group>"; };
		550FE1432BBD593800F619E2 /* HomeRepositoryProtocol.swift */ = {isa = PBXFileReference; lastKnownFileType = sourcecode.swift; path = HomeRepositoryProtocol.swift; sourceTree = "<group>"; };
		550FE1452BBD59A200F619E2 /* HomeLocalRepository.swift */ = {isa = PBXFileReference; lastKnownFileType = sourcecode.swift; path = HomeLocalRepository.swift; sourceTree = "<group>"; };
		550FE1482BBD5A9100F619E2 /* ProductEntity.swift */ = {isa = PBXFileReference; lastKnownFileType = sourcecode.swift; path = ProductEntity.swift; sourceTree = "<group>"; };
		550FE14A2BBD5AB500F619E2 /* CategoryEntity.swift */ = {isa = PBXFileReference; lastKnownFileType = sourcecode.swift; path = CategoryEntity.swift; sourceTree = "<group>"; };
		550FE14D2BBD5D8000F619E2 /* FetchProductsUsecase.swift */ = {isa = PBXFileReference; lastKnownFileType = sourcecode.swift; path = FetchProductsUsecase.swift; sourceTree = "<group>"; };
		550FE14F2BBD5E3500F619E2 /* FetchProductUsecaseProtocol.swift */ = {isa = PBXFileReference; lastKnownFileType = sourcecode.swift; path = FetchProductUsecaseProtocol.swift; sourceTree = "<group>"; };
		550FE1542BBD610100F619E2 /* HomeViewModel.swift */ = {isa = PBXFileReference; lastKnownFileType = sourcecode.swift; path = HomeViewModel.swift; sourceTree = "<group>"; };
		550FE1582BBD611E00F619E2 /* HomePresentationProtocols.swift */ = {isa = PBXFileReference; lastKnownFileType = sourcecode.swift; path = HomePresentationProtocols.swift; sourceTree = "<group>"; };
		550FE15A2BBD618B00F619E2 /* HomeViewController.swift */ = {isa = PBXFileReference; lastKnownFileType = sourcecode.swift; path = HomeViewController.swift; sourceTree = "<group>"; };
		550FE15B2BBD618B00F619E2 /* HomeViewController.xib */ = {isa = PBXFileReference; lastKnownFileType = file.xib; path = HomeViewController.xib; sourceTree = "<group>"; };
		550FE15F2BBD624200F619E2 /* HomeCoordinator.swift */ = {isa = PBXFileReference; lastKnownFileType = sourcecode.swift; path = HomeCoordinator.swift; sourceTree = "<group>"; };
		5529BA8C2BBED9DC00BF292F /* Products.xcdatamodel */ = {isa = PBXFileReference; lastKnownFileType = wrapper.xcdatamodel; path = Products.xcdatamodel; sourceTree = "<group>"; };
		5529BA8F2BBEDE2200BF292F /* CoredataStorage.swift */ = {isa = PBXFileReference; lastKnownFileType = sourcecode.swift; path = CoredataStorage.swift; sourceTree = "<group>"; };
		55F109B92BBCBB7900ECCA6B /* Alula.app */ = {isa = PBXFileReference; explicitFileType = wrapper.application; includeInIndex = 0; path = Alula.app; sourceTree = BUILT_PRODUCTS_DIR; };
		55F109BC2BBCBB7900ECCA6B /* AppDelegate.swift */ = {isa = PBXFileReference; lastKnownFileType = sourcecode.swift; path = AppDelegate.swift; sourceTree = "<group>"; };
		55F109BE2BBCBB7900ECCA6B /* SceneDelegate.swift */ = {isa = PBXFileReference; lastKnownFileType = sourcecode.swift; path = SceneDelegate.swift; sourceTree = "<group>"; };
		55F109C52BBCBB7B00ECCA6B /* Assets.xcassets */ = {isa = PBXFileReference; lastKnownFileType = folder.assetcatalog; path = Assets.xcassets; sourceTree = "<group>"; };
		55F109C82BBCBB7B00ECCA6B /* Base */ = {isa = PBXFileReference; lastKnownFileType = file.storyboard; name = Base; path = Base.lproj/LaunchScreen.storyboard; sourceTree = "<group>"; };
		55F109CA2BBCBB7B00ECCA6B /* Info.plist */ = {isa = PBXFileReference; lastKnownFileType = text.plist.xml; path = Info.plist; sourceTree = "<group>"; };
		55F109D52BBCBC5C00ECCA6B /* Endpoint.swift */ = {isa = PBXFileReference; lastKnownFileType = sourcecode.swift; path = Endpoint.swift; sourceTree = "<group>"; };
		55F109DC2BBCC5CE00ECCA6B /* Observable.swift */ = {isa = PBXFileReference; lastKnownFileType = sourcecode.swift; path = Observable.swift; sourceTree = "<group>"; };
		55F109DF2BBCC61B00ECCA6B /* SignupCoordinator.swift */ = {isa = PBXFileReference; lastKnownFileType = sourcecode.swift; path = SignupCoordinator.swift; sourceTree = "<group>"; };
		55F109E12BBCC63200ECCA6B /* AuthCoordinator.swift */ = {isa = PBXFileReference; lastKnownFileType = sourcecode.swift; path = AuthCoordinator.swift; sourceTree = "<group>"; };
		55F109E32BBCC64600ECCA6B /* LoginCoordinator.swift */ = {isa = PBXFileReference; lastKnownFileType = sourcecode.swift; path = LoginCoordinator.swift; sourceTree = "<group>"; };
		55F109E62BBCC66200ECCA6B /* Coordinator.swift */ = {isa = PBXFileReference; lastKnownFileType = sourcecode.swift; path = Coordinator.swift; sourceTree = "<group>"; };
		55F109E82BBCC67D00ECCA6B /* ParentCoordinator.swift */ = {isa = PBXFileReference; lastKnownFileType = sourcecode.swift; path = ParentCoordinator.swift; sourceTree = "<group>"; };
		55F109EB2BBCC69B00ECCA6B /* RootCoordinator.swift */ = {isa = PBXFileReference; lastKnownFileType = sourcecode.swift; path = RootCoordinator.swift; sourceTree = "<group>"; };
		55F109F12BBCC80500ECCA6B /* SignupEndpoints.swift */ = {isa = PBXFileReference; lastKnownFileType = sourcecode.swift; path = SignupEndpoints.swift; sourceTree = "<group>"; };
		55F109F42BBCC81F00ECCA6B /* UserDto.swift */ = {isa = PBXFileReference; lastKnownFileType = sourcecode.swift; path = UserDto.swift; sourceTree = "<group>"; };
		55F109F72BBCC83D00ECCA6B /* SignupData.swift */ = {isa = PBXFileReference; lastKnownFileType = sourcecode.swift; path = SignupData.swift; sourceTree = "<group>"; };
		55F109FA2BBCC87900ECCA6B /* SignupRepository.swift */ = {isa = PBXFileReference; lastKnownFileType = sourcecode.swift; path = SignupRepository.swift; sourceTree = "<group>"; };
		55F109FE2BBCC8D400ECCA6B /* SignupPrsentationProtocols.swift */ = {isa = PBXFileReference; lastKnownFileType = sourcecode.swift; path = SignupPrsentationProtocols.swift; sourceTree = "<group>"; };
		55F10A022BBCC91600ECCA6B /* SignupViewController.swift */ = {isa = PBXFileReference; lastKnownFileType = sourcecode.swift; path = SignupViewController.swift; sourceTree = "<group>"; };
		55F10A032BBCC91600ECCA6B /* SignupViewController.xib */ = {isa = PBXFileReference; lastKnownFileType = file.xib; path = SignupViewController.xib; sourceTree = "<group>"; };
		55F10A062BBCC94C00ECCA6B /* SignupViewModel.swift */ = {isa = PBXFileReference; lastKnownFileType = sourcecode.swift; path = SignupViewModel.swift; sourceTree = "<group>"; };
		55F10A0A2BBCCA0B00ECCA6B /* SignupRepositoryProtocol.swift */ = {isa = PBXFileReference; lastKnownFileType = sourcecode.swift; path = SignupRepositoryProtocol.swift; sourceTree = "<group>"; };
		55F10A0D2BBCCA5700ECCA6B /* SignupUsecase.swift */ = {isa = PBXFileReference; lastKnownFileType = sourcecode.swift; path = SignupUsecase.swift; sourceTree = "<group>"; };
		55F10A0F2BBCCA7400ECCA6B /* SignupUsecaseProtocol.swift */ = {isa = PBXFileReference; lastKnownFileType = sourcecode.swift; path = SignupUsecaseProtocol.swift; sourceTree = "<group>"; };
		55F10A122BBCCA9600ECCA6B /* User.swift */ = {isa = PBXFileReference; lastKnownFileType = sourcecode.swift; path = User.swift; sourceTree = "<group>"; };
		55F10A172BBCCF0700ECCA6B /* LoginRepository.swift */ = {isa = PBXFileReference; lastKnownFileType = sourcecode.swift; path = LoginRepository.swift; sourceTree = "<group>"; };
		55F10A1A2BBCCF2400ECCA6B /* TokenDto.swift */ = {isa = PBXFileReference; lastKnownFileType = sourcecode.swift; path = TokenDto.swift; sourceTree = "<group>"; };
		55F10A1E2BBCCF9300ECCA6B /* LoginAPIEndpoint.swift */ = {isa = PBXFileReference; lastKnownFileType = sourcecode.swift; path = LoginAPIEndpoint.swift; sourceTree = "<group>"; };
		55F10A212BBCCFB400ECCA6B /* LoginData.swift */ = {isa = PBXFileReference; lastKnownFileType = sourcecode.swift; path = LoginData.swift; sourceTree = "<group>"; };
		55F10A2C2BBCD20B00ECCA6B /* LoginPresentationProtocols.swift */ = {isa = PBXFileReference; lastKnownFileType = sourcecode.swift; path = LoginPresentationProtocols.swift; sourceTree = "<group>"; };
		55F10A2E2BBCD25D00ECCA6B /* LoginViewModel.swift */ = {isa = PBXFileReference; lastKnownFileType = sourcecode.swift; path = LoginViewModel.swift; sourceTree = "<group>"; };
		55F10A302BBCD27600ECCA6B /* LoginViewController.swift */ = {isa = PBXFileReference; lastKnownFileType = sourcecode.swift; path = LoginViewController.swift; sourceTree = "<group>"; };
		55F10A312BBCD27600ECCA6B /* LoginViewController.xib */ = {isa = PBXFileReference; lastKnownFileType = file.xib; path = LoginViewController.xib; sourceTree = "<group>"; };
		55F10A362BBCD3A100ECCA6B /* LoginUsecase.swift */ = {isa = PBXFileReference; lastKnownFileType = sourcecode.swift; path = LoginUsecase.swift; sourceTree = "<group>"; };
		55F10A382BBCD3BB00ECCA6B /* LoginUsecaseProtocol.swift */ = {isa = PBXFileReference; lastKnownFileType = sourcecode.swift; path = LoginUsecaseProtocol.swift; sourceTree = "<group>"; };
		55F10A3B2BBCD3F900ECCA6B /* Token.swift */ = {isa = PBXFileReference; lastKnownFileType = sourcecode.swift; path = Token.swift; sourceTree = "<group>"; };
		55F10A3E2BBCD42100ECCA6B /* LoginRepositoryProtocol.swift */ = {isa = PBXFileReference; lastKnownFileType = sourcecode.swift; path = LoginRepositoryProtocol.swift; sourceTree = "<group>"; };
		55F10A402BBCD46100ECCA6B /* NetworkService.swift */ = {isa = PBXFileReference; lastKnownFileType = sourcecode.swift; path = NetworkService.swift; sourceTree = "<group>"; };
		55F10A422BBCD48500ECCA6B /* NetworkError.swift */ = {isa = PBXFileReference; lastKnownFileType = sourcecode.swift; path = NetworkError.swift; sourceTree = "<group>"; };
		55F10A492BBCF3FB00ECCA6B /* FloatingLabelTextField.xib */ = {isa = PBXFileReference; lastKnownFileType = file.xib; path = FloatingLabelTextField.xib; sourceTree = "<group>"; };
		55F10A4B2BBCF50500ECCA6B /* FloatingLabelTextField.swift */ = {isa = PBXFileReference; lastKnownFileType = sourcecode.swift; path = FloatingLabelTextField.swift; sourceTree = "<group>"; };
/* End PBXFileReference section */

/* Begin PBXFrameworksBuildPhase section */
		55F109B62BBCBB7900ECCA6B /* Frameworks */ = {
			isa = PBXFrameworksBuildPhase;
			buildActionMask = 2147483647;
			files = (
				55F109DA2BBCBE5900ECCA6B /* Utilits in Frameworks */,
			);
			runOnlyForDeploymentPostprocessing = 0;
		};
/* End PBXFrameworksBuildPhase section */

/* Begin PBXGroup section */
		550FE11A2BBD254200F619E2 /* DesignSystem */ = {
			isa = PBXGroup;
			children = (
				550FE1212BBD327600F619E2 /* FontSystem */,
				550FE11E2BBD2DCD00F619E2 /* ColorSystem */,
				550FE11B2BBD254F00F619E2 /* ImageDesignSytem */,
			);
			path = DesignSystem;
			sourceTree = "<group>";
		};
		550FE11B2BBD254F00F619E2 /* ImageDesignSytem */ = {
			isa = PBXGroup;
			children = (
				550FE11C2BBD257900F619E2 /* IconDesignSystem.swift */,
			);
			path = ImageDesignSytem;
			sourceTree = "<group>";
		};
		550FE11E2BBD2DCD00F619E2 /* ColorSystem */ = {
			isa = PBXGroup;
			children = (
				550FE11F2BBD2DDC00F619E2 /* ColorSystem.swift */,
			);
			path = ColorSystem;
			sourceTree = "<group>";
		};
		550FE1212BBD327600F619E2 /* FontSystem */ = {
			isa = PBXGroup;
			children = (
				550FE1222BBD328800F619E2 /* FontSystem.swift */,
			);
			path = FontSystem;
			sourceTree = "<group>";
		};
		550FE1272BBD387A00F619E2 /* Fonts */ = {
			isa = PBXGroup;
			children = (
				550FE1292BBD389800F619E2 /* NeueHaasDisplayBold.ttf */,
				550FE12A2BBD389800F619E2 /* NeueHaasDisplayMediu.ttf */,
				550FE1282BBD389800F619E2 /* NeueHaasDisplayRoman.ttf */,
			);
			path = Fonts;
			sourceTree = "<group>";
		};
		550FE1312BBD529400F619E2 /* Home */ = {
			isa = PBXGroup;
			children = (
				550FE1342BBD52B600F619E2 /* Data */,
				550FE1332BBD52AC00F619E2 /* Domain */,
				550FE1322BBD52A100F619E2 /* Presentation */,
			);
			path = Home;
			sourceTree = "<group>";
		};
		550FE1322BBD52A100F619E2 /* Presentation */ = {
			isa = PBXGroup;
			children = (
				550FE1532BBD60ED00F619E2 /* Protocols */,
				550FE1522BBD60E500F619E2 /* ViewModel */,
				550FE1512BBD60E000F619E2 /* View */,
			);
			path = Presentation;
			sourceTree = "<group>";
		};
		550FE1332BBD52AC00F619E2 /* Domain */ = {
			isa = PBXGroup;
			children = (
				550FE14C2BBD5D6900F619E2 /* Usecase */,
				550FE1472BBD5A7700F619E2 /* Entities */,
				550FE1422BBD592600F619E2 /* Interfaces */,
			);
			path = Domain;
			sourceTree = "<group>";
		};
		550FE1342BBD52B600F619E2 /* Data */ = {
			isa = PBXGroup;
			children = (
				5529BA8E2BBED9E500BF292F /* CoreData */,
				550FE13D2BBD576700F619E2 /* Repository */,
				550FE1352BBD555800F619E2 /* Network */,
			);
			path = Data;
			sourceTree = "<group>";
		};
		550FE1352BBD555800F619E2 /* Network */ = {
			isa = PBXGroup;
			children = (
				550FE1392BBD55C700F619E2 /* DTO */,
				550FE1362BBD556500F619E2 /* APIEndpints  */,
			);
			path = Network;
			sourceTree = "<group>";
		};
		550FE1362BBD556500F619E2 /* APIEndpints  */ = {
			isa = PBXGroup;
			children = (
				550FE1372BBD557D00F619E2 /* HomeAPIEndpoints.swift */,
			);
			path = "APIEndpints ";
			sourceTree = "<group>";
		};
		550FE1392BBD55C700F619E2 /* DTO */ = {
			isa = PBXGroup;
			children = (
				550FE13A2BBD55E100F619E2 /* ProductsDto.swift */,
			);
			path = DTO;
			sourceTree = "<group>";
		};
		550FE13D2BBD576700F619E2 /* Repository */ = {
			isa = PBXGroup;
			children = (
				550FE13E2BBD577A00F619E2 /* HomeRepository.swift */,
				550FE1402BBD57D400F619E2 /* HomeRemoteRepository.swift */,
				550FE1452BBD59A200F619E2 /* HomeLocalRepository.swift */,
			);
			path = Repository;
			sourceTree = "<group>";
		};
		550FE1422BBD592600F619E2 /* Interfaces */ = {
			isa = PBXGroup;
			children = (
				550FE1432BBD593800F619E2 /* HomeRepositoryProtocol.swift */,
			);
			path = Interfaces;
			sourceTree = "<group>";
		};
		550FE1472BBD5A7700F619E2 /* Entities */ = {
			isa = PBXGroup;
			children = (
				550FE1482BBD5A9100F619E2 /* ProductEntity.swift */,
				550FE14A2BBD5AB500F619E2 /* CategoryEntity.swift */,
			);
			path = Entities;
			sourceTree = "<group>";
		};
		550FE14C2BBD5D6900F619E2 /* Usecase */ = {
			isa = PBXGroup;
			children = (
				550FE14D2BBD5D8000F619E2 /* FetchProductsUsecase.swift */,
				550FE14F2BBD5E3500F619E2 /* FetchProductUsecaseProtocol.swift */,
			);
			path = Usecase;
			sourceTree = "<group>";
		};
		550FE1512BBD60E000F619E2 /* View */ = {
			isa = PBXGroup;
			children = (
				550FE15A2BBD618B00F619E2 /* HomeViewController.swift */,
				550FE15B2BBD618B00F619E2 /* HomeViewController.xib */,
			);
			path = View;
			sourceTree = "<group>";
		};
		550FE1522BBD60E500F619E2 /* ViewModel */ = {
			isa = PBXGroup;
			children = (
				550FE1542BBD610100F619E2 /* HomeViewModel.swift */,
			);
			path = ViewModel;
			sourceTree = "<group>";
		};
		550FE1532BBD60ED00F619E2 /* Protocols */ = {
			isa = PBXGroup;
			children = (
				550FE1582BBD611E00F619E2 /* HomePresentationProtocols.swift */,
			);
			path = Protocols;
			sourceTree = "<group>";
		};
		550FE15E2BBD622300F619E2 /* Home */ = {
			isa = PBXGroup;
			children = (
				550FE15F2BBD624200F619E2 /* HomeCoordinator.swift */,
			);
			path = Home;
			sourceTree = "<group>";
		};
		5529BA8E2BBED9E500BF292F /* CoreData */ = {
			isa = PBXGroup;
			children = (
				5529BA8B2BBED9DC00BF292F /* Products.xcdatamodeld */,
				5529BA8F2BBEDE2200BF292F /* CoredataStorage.swift */,
			);
			name = CoreData;
			path = Network/CoreData;
			sourceTree = "<group>";
		};
		55F109B02BBCBB7900ECCA6B = {
			isa = PBXGroup;
			children = (
				55F109BB2BBCBB7900ECCA6B /* Alula */,
				55F109BA2BBCBB7900ECCA6B /* Products */,
			);
			sourceTree = "<group>";
		};
		55F109BA2BBCBB7900ECCA6B /* Products */ = {
			isa = PBXGroup;
			children = (
				55F109B92BBCBB7900ECCA6B /* Alula.app */,
			);
			name = Products;
			sourceTree = "<group>";
		};
		55F109BB2BBCBB7900ECCA6B /* Alula */ = {
			isa = PBXGroup;
			children = (
				55F109D42BBCBC4E00ECCA6B /* Utils */,
				55F109D32BBCBC2D00ECCA6B /* Scenes */,
				55F109D22BBCBC2400ECCA6B /* Navigation */,
				55F109D12BBCBC1B00ECCA6B /* NetworkService */,
				55F109D02BBCBC1000ECCA6B /* Core */,
				55F109D72BBCBC7E00ECCA6B /* Resources */,
				55F109CA2BBCBB7B00ECCA6B /* Info.plist */,
			);
			path = Alula;
			sourceTree = "<group>";
		};
		55F109D02BBCBC1000ECCA6B /* Core */ = {
			isa = PBXGroup;
			children = (
				55F109BC2BBCBB7900ECCA6B /* AppDelegate.swift */,
				55F109BE2BBCBB7900ECCA6B /* SceneDelegate.swift */,
			);
			path = Core;
			sourceTree = "<group>";
		};
		55F109D12BBCBC1B00ECCA6B /* NetworkService */ = {
			isa = PBXGroup;
			children = (
				55F10A402BBCD46100ECCA6B /* NetworkService.swift */,
				55F10A422BBCD48500ECCA6B /* NetworkError.swift */,
			);
			path = NetworkService;
			sourceTree = "<group>";
		};
		55F109D22BBCBC2400ECCA6B /* Navigation */ = {
			isa = PBXGroup;
			children = (
				550FE15E2BBD622300F619E2 /* Home */,
				55F109EA2BBCC68A00ECCA6B /* RootCoordinator */,
				55F109E52BBCC65300ECCA6B /* Protocols */,
				55F109DE2BBCC5FC00ECCA6B /* AuthCoordinators */,
			);
			path = Navigation;
			sourceTree = "<group>";
		};
		55F109D32BBCBC2D00ECCA6B /* Scenes */ = {
			isa = PBXGroup;
			children = (
				550FE1312BBD529400F619E2 /* Home */,
				55F10A142BBCCAF200ECCA6B /* Login */,
				55F109ED2BBCC7D200ECCA6B /* Signup */,
			);
			path = Scenes;
			sourceTree = "<group>";
		};
		55F109D42BBCBC4E00ECCA6B /* Utils */ = {
			isa = PBXGroup;
			children = (
				55F10A442BBCEE4600ECCA6B /* ReusableViews */,
				55F109DB2BBCC5BF00ECCA6B /* Binding */,
				55F109D52BBCBC5C00ECCA6B /* Endpoint.swift */,
			);
			path = Utils;
			sourceTree = "<group>";
		};
		55F109D72BBCBC7E00ECCA6B /* Resources */ = {
			isa = PBXGroup;
			children = (
				550FE1272BBD387A00F619E2 /* Fonts */,
				550FE11A2BBD254200F619E2 /* DesignSystem */,
				55F109C72BBCBB7B00ECCA6B /* LaunchScreen.storyboard */,
				55F109C52BBCBB7B00ECCA6B /* Assets.xcassets */,
			);
			path = Resources;
			sourceTree = "<group>";
		};
		55F109DB2BBCC5BF00ECCA6B /* Binding */ = {
			isa = PBXGroup;
			children = (
				55F109DC2BBCC5CE00ECCA6B /* Observable.swift */,
			);
			path = Binding;
			sourceTree = "<group>";
		};
		55F109DE2BBCC5FC00ECCA6B /* AuthCoordinators */ = {
			isa = PBXGroup;
			children = (
				55F109DF2BBCC61B00ECCA6B /* SignupCoordinator.swift */,
				55F109E12BBCC63200ECCA6B /* AuthCoordinator.swift */,
				55F109E32BBCC64600ECCA6B /* LoginCoordinator.swift */,
			);
			path = AuthCoordinators;
			sourceTree = "<group>";
		};
		55F109E52BBCC65300ECCA6B /* Protocols */ = {
			isa = PBXGroup;
			children = (
				55F109E62BBCC66200ECCA6B /* Coordinator.swift */,
				55F109E82BBCC67D00ECCA6B /* ParentCoordinator.swift */,
			);
			path = Protocols;
			sourceTree = "<group>";
		};
		55F109EA2BBCC68A00ECCA6B /* RootCoordinator */ = {
			isa = PBXGroup;
			children = (
				55F109EB2BBCC69B00ECCA6B /* RootCoordinator.swift */,
			);
			path = RootCoordinator;
			sourceTree = "<group>";
		};
		55F109ED2BBCC7D200ECCA6B /* Signup */ = {
			isa = PBXGroup;
			children = (
				55F10A082BBCC9CA00ECCA6B /* Domain */,
				55F109FC2BBCC8A900ECCA6B /* Presentation */,
				55F109EE2BBCC7DD00ECCA6B /* Data */,
			);
			path = Signup;
			sourceTree = "<group>";
		};
		55F109EE2BBCC7DD00ECCA6B /* Data */ = {
			isa = PBXGroup;
			children = (
				55F109F92BBCC86500ECCA6B /* Repository */,
				55F109F62BBCC83300ECCA6B /* Model */,
				55F109EF2BBCC7E500ECCA6B /* Network */,
			);
			path = Data;
			sourceTree = "<group>";
		};
		55F109EF2BBCC7E500ECCA6B /* Network */ = {
			isa = PBXGroup;
			children = (
				55F109F32BBCC81600ECCA6B /* DTO */,
				55F109F02BBCC7F300ECCA6B /* APIEndpoints */,
			);
			path = Network;
			sourceTree = "<group>";
		};
		55F109F02BBCC7F300ECCA6B /* APIEndpoints */ = {
			isa = PBXGroup;
			children = (
				55F109F12BBCC80500ECCA6B /* SignupEndpoints.swift */,
			);
			path = APIEndpoints;
			sourceTree = "<group>";
		};
		55F109F32BBCC81600ECCA6B /* DTO */ = {
			isa = PBXGroup;
			children = (
				55F109F42BBCC81F00ECCA6B /* UserDto.swift */,
			);
			path = DTO;
			sourceTree = "<group>";
		};
		55F109F62BBCC83300ECCA6B /* Model */ = {
			isa = PBXGroup;
			children = (
				55F109F72BBCC83D00ECCA6B /* SignupData.swift */,
			);
			path = Model;
			sourceTree = "<group>";
		};
		55F109F92BBCC86500ECCA6B /* Repository */ = {
			isa = PBXGroup;
			children = (
				55F109FA2BBCC87900ECCA6B /* SignupRepository.swift */,
			);
			path = Repository;
			sourceTree = "<group>";
		};
		55F109FC2BBCC8A900ECCA6B /* Presentation */ = {
			isa = PBXGroup;
			children = (
				55F10A012BBCC8EF00ECCA6B /* ViewModel */,
				55F10A002BBCC8E900ECCA6B /* View */,
				55F109FD2BBCC8BB00ECCA6B /* Protocols */,
			);
			path = Presentation;
			sourceTree = "<group>";
		};
		55F109FD2BBCC8BB00ECCA6B /* Protocols */ = {
			isa = PBXGroup;
			children = (
				55F109FE2BBCC8D400ECCA6B /* SignupPrsentationProtocols.swift */,
			);
			path = Protocols;
			sourceTree = "<group>";
		};
		55F10A002BBCC8E900ECCA6B /* View */ = {
			isa = PBXGroup;
			children = (
				55F10A022BBCC91600ECCA6B /* SignupViewController.swift */,
				55F10A032BBCC91600ECCA6B /* SignupViewController.xib */,
			);
			path = View;
			sourceTree = "<group>";
		};
		55F10A012BBCC8EF00ECCA6B /* ViewModel */ = {
			isa = PBXGroup;
			children = (
				55F10A062BBCC94C00ECCA6B /* SignupViewModel.swift */,
			);
			path = ViewModel;
			sourceTree = "<group>";
		};
		55F10A082BBCC9CA00ECCA6B /* Domain */ = {
			isa = PBXGroup;
			children = (
				55F10A112BBCCA8200ECCA6B /* Entities */,
				55F10A0C2BBCCA1F00ECCA6B /* Usecase */,
				55F10A092BBCC9EB00ECCA6B /* Interfaces */,
			);
			path = Domain;
			sourceTree = "<group>";
		};
		55F10A092BBCC9EB00ECCA6B /* Interfaces */ = {
			isa = PBXGroup;
			children = (
				55F10A0A2BBCCA0B00ECCA6B /* SignupRepositoryProtocol.swift */,
			);
			path = Interfaces;
			sourceTree = "<group>";
		};
		55F10A0C2BBCCA1F00ECCA6B /* Usecase */ = {
			isa = PBXGroup;
			children = (
				55F10A0D2BBCCA5700ECCA6B /* SignupUsecase.swift */,
				55F10A0F2BBCCA7400ECCA6B /* SignupUsecaseProtocol.swift */,
			);
			path = Usecase;
			sourceTree = "<group>";
		};
		55F10A112BBCCA8200ECCA6B /* Entities */ = {
			isa = PBXGroup;
			children = (
				55F10A122BBCCA9600ECCA6B /* User.swift */,
			);
			path = Entities;
			sourceTree = "<group>";
		};
		55F10A142BBCCAF200ECCA6B /* Login */ = {
			isa = PBXGroup;
			children = (
				55F10A342BBCD37800ECCA6B /* Domain */,
				55F10A282BBCD0CC00ECCA6B /* Presentation */,
				55F10A152BBCCED200ECCA6B /* Data */,
			);
			path = Login;
			sourceTree = "<group>";
		};
		55F10A152BBCCED200ECCA6B /* Data */ = {
			isa = PBXGroup;
			children = (
				55F10A202BBCCFAA00ECCA6B /* Model */,
				55F10A1C2BBCCF2F00ECCA6B /* Network */,
				55F10A162BBCCED800ECCA6B /* Repository */,
			);
			path = Data;
			sourceTree = "<group>";
		};
		55F10A162BBCCED800ECCA6B /* Repository */ = {
			isa = PBXGroup;
			children = (
				55F10A172BBCCF0700ECCA6B /* LoginRepository.swift */,
			);
			path = Repository;
			sourceTree = "<group>";
		};
		55F10A192BBCCF1200ECCA6B /* DTO */ = {
			isa = PBXGroup;
			children = (
				55F10A1A2BBCCF2400ECCA6B /* TokenDto.swift */,
			);
			path = DTO;
			sourceTree = "<group>";
		};
		55F10A1C2BBCCF2F00ECCA6B /* Network */ = {
			isa = PBXGroup;
			children = (
				55F10A1D2BBCCF5F00ECCA6B /* LoginAPIEndpoints */,
				55F10A192BBCCF1200ECCA6B /* DTO */,
			);
			path = Network;
			sourceTree = "<group>";
		};
		55F10A1D2BBCCF5F00ECCA6B /* LoginAPIEndpoints */ = {
			isa = PBXGroup;
			children = (
				55F10A1E2BBCCF9300ECCA6B /* LoginAPIEndpoint.swift */,
			);
			path = LoginAPIEndpoints;
			sourceTree = "<group>";
		};
		55F10A202BBCCFAA00ECCA6B /* Model */ = {
			isa = PBXGroup;
			children = (
				55F10A212BBCCFB400ECCA6B /* LoginData.swift */,
			);
			path = Model;
			sourceTree = "<group>";
		};
		55F10A282BBCD0CC00ECCA6B /* Presentation */ = {
			isa = PBXGroup;
			children = (
				55F10A2B2BBCD1C400ECCA6B /* Protocol */,
				55F10A2A2BBCD1BE00ECCA6B /* ViewModel */,
				55F10A292BBCD1B800ECCA6B /* View */,
			);
			path = Presentation;
			sourceTree = "<group>";
		};
		55F10A292BBCD1B800ECCA6B /* View */ = {
			isa = PBXGroup;
			children = (
				55F10A302BBCD27600ECCA6B /* LoginViewController.swift */,
				55F10A312BBCD27600ECCA6B /* LoginViewController.xib */,
			);
			path = View;
			sourceTree = "<group>";
		};
		55F10A2A2BBCD1BE00ECCA6B /* ViewModel */ = {
			isa = PBXGroup;
			children = (
				55F10A2E2BBCD25D00ECCA6B /* LoginViewModel.swift */,
			);
			path = ViewModel;
			sourceTree = "<group>";
		};
		55F10A2B2BBCD1C400ECCA6B /* Protocol */ = {
			isa = PBXGroup;
			children = (
				55F10A2C2BBCD20B00ECCA6B /* LoginPresentationProtocols.swift */,
			);
			path = Protocol;
			sourceTree = "<group>";
		};
		55F10A342BBCD37800ECCA6B /* Domain */ = {
			isa = PBXGroup;
			children = (
				55F10A3D2BBCD40800ECCA6B /* Interfaces */,
				55F10A3A2BBCD3CB00ECCA6B /* Entities */,
				55F10A352BBCD39300ECCA6B /* Usecase */,
			);
			path = Domain;
			sourceTree = "<group>";
		};
		55F10A352BBCD39300ECCA6B /* Usecase */ = {
			isa = PBXGroup;
			children = (
				55F10A362BBCD3A100ECCA6B /* LoginUsecase.swift */,
				55F10A382BBCD3BB00ECCA6B /* LoginUsecaseProtocol.swift */,
			);
			path = Usecase;
			sourceTree = "<group>";
		};
		55F10A3A2BBCD3CB00ECCA6B /* Entities */ = {
			isa = PBXGroup;
			children = (
				55F10A3B2BBCD3F900ECCA6B /* Token.swift */,
			);
			path = Entities;
			sourceTree = "<group>";
		};
		55F10A3D2BBCD40800ECCA6B /* Interfaces */ = {
			isa = PBXGroup;
			children = (
				55F10A3E2BBCD42100ECCA6B /* LoginRepositoryProtocol.swift */,
			);
			path = Interfaces;
			sourceTree = "<group>";
		};
		55F10A442BBCEE4600ECCA6B /* ReusableViews */ = {
			isa = PBXGroup;
			children = (
				55F10A492BBCF3FB00ECCA6B /* FloatingLabelTextField.xib */,
				55F10A4B2BBCF50500ECCA6B /* FloatingLabelTextField.swift */,
			);
			path = ReusableViews;
			sourceTree = "<group>";
		};
/* End PBXGroup section */

/* Begin PBXNativeTarget section */
		55F109B82BBCBB7900ECCA6B /* Alula */ = {
			isa = PBXNativeTarget;
			buildConfigurationList = 55F109CD2BBCBB7B00ECCA6B /* Build configuration list for PBXNativeTarget "Alula" */;
			buildPhases = (
				55F109B52BBCBB7900ECCA6B /* Sources */,
				55F109B62BBCBB7900ECCA6B /* Frameworks */,
				55F109B72BBCBB7900ECCA6B /* Resources */,
			);
			buildRules = (
			);
			dependencies = (
			);
			name = Alula;
			packageProductDependencies = (
				55F109D92BBCBE5900ECCA6B /* Utilits */,
			);
			productName = Alula;
			productReference = 55F109B92BBCBB7900ECCA6B /* Alula.app */;
			productType = "com.apple.product-type.application";
		};
/* End PBXNativeTarget section */

/* Begin PBXProject section */
		55F109B12BBCBB7900ECCA6B /* Project object */ = {
			isa = PBXProject;
			attributes = {
				BuildIndependentTargetsInParallel = 1;
				LastSwiftUpdateCheck = 1520;
				LastUpgradeCheck = 1520;
				TargetAttributes = {
					55F109B82BBCBB7900ECCA6B = {
						CreatedOnToolsVersion = 15.2;
					};
				};
			};
			buildConfigurationList = 55F109B42BBCBB7900ECCA6B /* Build configuration list for PBXProject "Alula" */;
			compatibilityVersion = "Xcode 14.0";
			developmentRegion = en;
			hasScannedForEncodings = 0;
			knownRegions = (
				en,
				Base,
			);
			mainGroup = 55F109B02BBCBB7900ECCA6B;
			packageReferences = (
				55F109D82BBCBE5900ECCA6B /* XCLocalSwiftPackageReference "../iOSProjects/Utilits" */,
			);
			productRefGroup = 55F109BA2BBCBB7900ECCA6B /* Products */;
			projectDirPath = "";
			projectRoot = "";
			targets = (
				55F109B82BBCBB7900ECCA6B /* Alula */,
			);
		};
/* End PBXProject section */

/* Begin PBXResourcesBuildPhase section */
		55F109B72BBCBB7900ECCA6B /* Resources */ = {
			isa = PBXResourcesBuildPhase;
			buildActionMask = 2147483647;
			files = (
				550FE12E2BBD3E1700F619E2 /* NeueHaasDisplayBold.ttf in Resources */,
				550FE12F2BBD3E1700F619E2 /* NeueHaasDisplayMediu.ttf in Resources */,
				550FE1302BBD3E1700F619E2 /* NeueHaasDisplayRoman.ttf in Resources */,
				55F10A332BBCD27600ECCA6B /* LoginViewController.xib in Resources */,
				55F10A4A2BBCF3FB00ECCA6B /* FloatingLabelTextField.xib in Resources */,
				55F10A052BBCC91600ECCA6B /* SignupViewController.xib in Resources */,
				55F109C92BBCBB7B00ECCA6B /* LaunchScreen.storyboard in Resources */,
				55F109C62BBCBB7B00ECCA6B /* Assets.xcassets in Resources */,
				550FE15D2BBD618B00F619E2 /* HomeViewController.xib in Resources */,
			);
			runOnlyForDeploymentPostprocessing = 0;
		};
/* End PBXResourcesBuildPhase section */

/* Begin PBXSourcesBuildPhase section */
		55F109B52BBCBB7900ECCA6B /* Sources */ = {
			isa = PBXSourcesBuildPhase;
			buildActionMask = 2147483647;
			files = (
				550FE1412BBD57D400F619E2 /* HomeRemoteRepository.swift in Sources */,
				550FE1382BBD557D00F619E2 /* HomeAPIEndpoints.swift in Sources */,
				550FE1492BBD5A9100F619E2 /* ProductEntity.swift in Sources */,
				55F10A322BBCD27600ECCA6B /* LoginViewController.swift in Sources */,
				55F10A072BBCC94C00ECCA6B /* SignupViewModel.swift in Sources */,
				55F109E72BBCC66200ECCA6B /* Coordinator.swift in Sources */,
				550FE13F2BBD577A00F619E2 /* HomeRepository.swift in Sources */,
				55F10A3F2BBCD42100ECCA6B /* LoginRepositoryProtocol.swift in Sources */,
				55F109DD2BBCC5CE00ECCA6B /* Observable.swift in Sources */,
				55F10A0B2BBCCA0B00ECCA6B /* SignupRepositoryProtocol.swift in Sources */,
				55F10A1B2BBCCF2400ECCA6B /* TokenDto.swift in Sources */,
				55F10A1F2BBCCF9300ECCA6B /* LoginAPIEndpoint.swift in Sources */,
				55F109F52BBCC81F00ECCA6B /* UserDto.swift in Sources */,
				550FE1462BBD59A200F619E2 /* HomeLocalRepository.swift in Sources */,
				55F109FB2BBCC87900ECCA6B /* SignupRepository.swift in Sources */,
				55F10A2F2BBCD25D00ECCA6B /* LoginViewModel.swift in Sources */,
				55F109EC2BBCC69B00ECCA6B /* RootCoordinator.swift in Sources */,
				55F10A182BBCCF0700ECCA6B /* LoginRepository.swift in Sources */,
				55F109BD2BBCBB7900ECCA6B /* AppDelegate.swift in Sources */,
				550FE14E2BBD5D8000F619E2 /* FetchProductsUsecase.swift in Sources */,
				550FE15C2BBD618B00F619E2 /* HomeViewController.swift in Sources */,
				550FE1602BBD624200F619E2 /* HomeCoordinator.swift in Sources */,
				550FE13B2BBD55E100F619E2 /* ProductsDto.swift in Sources */,
				55F10A222BBCCFB400ECCA6B /* LoginData.swift in Sources */,
				55F10A0E2BBCCA5700ECCA6B /* SignupUsecase.swift in Sources */,
				55F109F22BBCC80500ECCA6B /* SignupEndpoints.swift in Sources */,
				55F10A432BBCD48500ECCA6B /* NetworkError.swift in Sources */,
				55F109E42BBCC64600ECCA6B /* LoginCoordinator.swift in Sources */,
				55F109E02BBCC61B00ECCA6B /* SignupCoordinator.swift in Sources */,
				55F10A372BBCD3A100ECCA6B /* LoginUsecase.swift in Sources */,
				550FE11D2BBD257900F619E2 /* IconDesignSystem.swift in Sources */,
				55F109D62BBCBC5C00ECCA6B /* Endpoint.swift in Sources */,
				55F10A042BBCC91600ECCA6B /* SignupViewController.swift in Sources */,
				55F10A412BBCD46100ECCA6B /* NetworkService.swift in Sources */,
				55F10A2D2BBCD20B00ECCA6B /* LoginPresentationProtocols.swift in Sources */,
				5529BA8D2BBED9DC00BF292F /* Products.xcdatamodeld in Sources */,
				55F109E92BBCC67D00ECCA6B /* ParentCoordinator.swift in Sources */,
				55F109E22BBCC63200ECCA6B /* AuthCoordinator.swift in Sources */,
				55F109FF2BBCC8D400ECCA6B /* SignupPrsentationProtocols.swift in Sources */,
				550FE1592BBD611E00F619E2 /* HomePresentationProtocols.swift in Sources */,
				55F10A3C2BBCD3F900ECCA6B /* Token.swift in Sources */,
				550FE1442BBD593800F619E2 /* HomeRepositoryProtocol.swift in Sources */,
				550FE1502BBD5E3500F619E2 /* FetchProductUsecaseProtocol.swift in Sources */,
				550FE14B2BBD5AB500F619E2 /* CategoryEntity.swift in Sources */,
				5529BA902BBEDE2200BF292F /* CoredataStorage.swift in Sources */,
				55F10A4C2BBCF50500ECCA6B /* FloatingLabelTextField.swift in Sources */,
				55F109F82BBCC83D00ECCA6B /* SignupData.swift in Sources */,
				55F109BF2BBCBB7900ECCA6B /* SceneDelegate.swift in Sources */,
				550FE1232BBD328800F619E2 /* FontSystem.swift in Sources */,
				55F10A392BBCD3BB00ECCA6B /* LoginUsecaseProtocol.swift in Sources */,
				55F10A102BBCCA7400ECCA6B /* SignupUsecaseProtocol.swift in Sources */,
				550FE1202BBD2DDC00F619E2 /* ColorSystem.swift in Sources */,
				55F10A132BBCCA9600ECCA6B /* User.swift in Sources */,
				550FE1552BBD610100F619E2 /* HomeViewModel.swift in Sources */,
			);
			runOnlyForDeploymentPostprocessing = 0;
		};
/* End PBXSourcesBuildPhase section */

/* Begin PBXVariantGroup section */
		55F109C72BBCBB7B00ECCA6B /* LaunchScreen.storyboard */ = {
			isa = PBXVariantGroup;
			children = (
				55F109C82BBCBB7B00ECCA6B /* Base */,
			);
			name = LaunchScreen.storyboard;
			sourceTree = "<group>";
		};
/* End PBXVariantGroup section */

/* Begin XCBuildConfiguration section */
		55F109CB2BBCBB7B00ECCA6B /* Debug */ = {
			isa = XCBuildConfiguration;
			buildSettings = {
				ALWAYS_SEARCH_USER_PATHS = NO;
				ASSETCATALOG_COMPILER_GENERATE_SWIFT_ASSET_SYMBOL_EXTENSIONS = YES;
				CLANG_ANALYZER_NONNULL = YES;
				CLANG_ANALYZER_NUMBER_OBJECT_CONVERSION = YES_AGGRESSIVE;
				CLANG_CXX_LANGUAGE_STANDARD = "gnu++20";
				CLANG_ENABLE_MODULES = YES;
				CLANG_ENABLE_OBJC_ARC = YES;
				CLANG_ENABLE_OBJC_WEAK = YES;
				CLANG_WARN_BLOCK_CAPTURE_AUTORELEASING = YES;
				CLANG_WARN_BOOL_CONVERSION = YES;
				CLANG_WARN_COMMA = YES;
				CLANG_WARN_CONSTANT_CONVERSION = YES;
				CLANG_WARN_DEPRECATED_OBJC_IMPLEMENTATIONS = YES;
				CLANG_WARN_DIRECT_OBJC_ISA_USAGE = YES_ERROR;
				CLANG_WARN_DOCUMENTATION_COMMENTS = YES;
				CLANG_WARN_EMPTY_BODY = YES;
				CLANG_WARN_ENUM_CONVERSION = YES;
				CLANG_WARN_INFINITE_RECURSION = YES;
				CLANG_WARN_INT_CONVERSION = YES;
				CLANG_WARN_NON_LITERAL_NULL_CONVERSION = YES;
				CLANG_WARN_OBJC_IMPLICIT_RETAIN_SELF = YES;
				CLANG_WARN_OBJC_LITERAL_CONVERSION = YES;
				CLANG_WARN_OBJC_ROOT_CLASS = YES_ERROR;
				CLANG_WARN_QUOTED_INCLUDE_IN_FRAMEWORK_HEADER = YES;
				CLANG_WARN_RANGE_LOOP_ANALYSIS = YES;
				CLANG_WARN_STRICT_PROTOTYPES = YES;
				CLANG_WARN_SUSPICIOUS_MOVE = YES;
				CLANG_WARN_UNGUARDED_AVAILABILITY = YES_AGGRESSIVE;
				CLANG_WARN_UNREACHABLE_CODE = YES;
				CLANG_WARN__DUPLICATE_METHOD_MATCH = YES;
				COPY_PHASE_STRIP = NO;
				DEBUG_INFORMATION_FORMAT = dwarf;
				ENABLE_STRICT_OBJC_MSGSEND = YES;
				ENABLE_TESTABILITY = YES;
				ENABLE_USER_SCRIPT_SANDBOXING = YES;
				GCC_C_LANGUAGE_STANDARD = gnu17;
				GCC_DYNAMIC_NO_PIC = NO;
				GCC_NO_COMMON_BLOCKS = YES;
				GCC_OPTIMIZATION_LEVEL = 0;
				GCC_PREPROCESSOR_DEFINITIONS = (
					"DEBUG=1",
					"$(inherited)",
				);
				GCC_WARN_64_TO_32_BIT_CONVERSION = YES;
				GCC_WARN_ABOUT_RETURN_TYPE = YES_ERROR;
				GCC_WARN_UNDECLARED_SELECTOR = YES;
				GCC_WARN_UNINITIALIZED_AUTOS = YES_AGGRESSIVE;
				GCC_WARN_UNUSED_FUNCTION = YES;
				GCC_WARN_UNUSED_VARIABLE = YES;
				IPHONEOS_DEPLOYMENT_TARGET = 17.2;
				LOCALIZATION_PREFERS_STRING_CATALOGS = YES;
				MTL_ENABLE_DEBUG_INFO = INCLUDE_SOURCE;
				MTL_FAST_MATH = YES;
				ONLY_ACTIVE_ARCH = YES;
				SDKROOT = iphoneos;
				SWIFT_ACTIVE_COMPILATION_CONDITIONS = "DEBUG $(inherited)";
				SWIFT_OPTIMIZATION_LEVEL = "-Onone";
			};
			name = Debug;
		};
		55F109CC2BBCBB7B00ECCA6B /* Release */ = {
			isa = XCBuildConfiguration;
			buildSettings = {
				ALWAYS_SEARCH_USER_PATHS = NO;
				ASSETCATALOG_COMPILER_GENERATE_SWIFT_ASSET_SYMBOL_EXTENSIONS = YES;
				CLANG_ANALYZER_NONNULL = YES;
				CLANG_ANALYZER_NUMBER_OBJECT_CONVERSION = YES_AGGRESSIVE;
				CLANG_CXX_LANGUAGE_STANDARD = "gnu++20";
				CLANG_ENABLE_MODULES = YES;
				CLANG_ENABLE_OBJC_ARC = YES;
				CLANG_ENABLE_OBJC_WEAK = YES;
				CLANG_WARN_BLOCK_CAPTURE_AUTORELEASING = YES;
				CLANG_WARN_BOOL_CONVERSION = YES;
				CLANG_WARN_COMMA = YES;
				CLANG_WARN_CONSTANT_CONVERSION = YES;
				CLANG_WARN_DEPRECATED_OBJC_IMPLEMENTATIONS = YES;
				CLANG_WARN_DIRECT_OBJC_ISA_USAGE = YES_ERROR;
				CLANG_WARN_DOCUMENTATION_COMMENTS = YES;
				CLANG_WARN_EMPTY_BODY = YES;
				CLANG_WARN_ENUM_CONVERSION = YES;
				CLANG_WARN_INFINITE_RECURSION = YES;
				CLANG_WARN_INT_CONVERSION = YES;
				CLANG_WARN_NON_LITERAL_NULL_CONVERSION = YES;
				CLANG_WARN_OBJC_IMPLICIT_RETAIN_SELF = YES;
				CLANG_WARN_OBJC_LITERAL_CONVERSION = YES;
				CLANG_WARN_OBJC_ROOT_CLASS = YES_ERROR;
				CLANG_WARN_QUOTED_INCLUDE_IN_FRAMEWORK_HEADER = YES;
				CLANG_WARN_RANGE_LOOP_ANALYSIS = YES;
				CLANG_WARN_STRICT_PROTOTYPES = YES;
				CLANG_WARN_SUSPICIOUS_MOVE = YES;
				CLANG_WARN_UNGUARDED_AVAILABILITY = YES_AGGRESSIVE;
				CLANG_WARN_UNREACHABLE_CODE = YES;
				CLANG_WARN__DUPLICATE_METHOD_MATCH = YES;
				COPY_PHASE_STRIP = NO;
				DEBUG_INFORMATION_FORMAT = "dwarf-with-dsym";
				ENABLE_NS_ASSERTIONS = NO;
				ENABLE_STRICT_OBJC_MSGSEND = YES;
				ENABLE_USER_SCRIPT_SANDBOXING = YES;
				GCC_C_LANGUAGE_STANDARD = gnu17;
				GCC_NO_COMMON_BLOCKS = YES;
				GCC_WARN_64_TO_32_BIT_CONVERSION = YES;
				GCC_WARN_ABOUT_RETURN_TYPE = YES_ERROR;
				GCC_WARN_UNDECLARED_SELECTOR = YES;
				GCC_WARN_UNINITIALIZED_AUTOS = YES_AGGRESSIVE;
				GCC_WARN_UNUSED_FUNCTION = YES;
				GCC_WARN_UNUSED_VARIABLE = YES;
				IPHONEOS_DEPLOYMENT_TARGET = 17.2;
				LOCALIZATION_PREFERS_STRING_CATALOGS = YES;
				MTL_ENABLE_DEBUG_INFO = NO;
				MTL_FAST_MATH = YES;
				SDKROOT = iphoneos;
				SWIFT_COMPILATION_MODE = wholemodule;
				VALIDATE_PRODUCT = YES;
			};
			name = Release;
		};
		55F109CE2BBCBB7B00ECCA6B /* Debug */ = {
			isa = XCBuildConfiguration;
			buildSettings = {
				ASSETCATALOG_COMPILER_APPICON_NAME = AppIcon;
				ASSETCATALOG_COMPILER_GLOBAL_ACCENT_COLOR_NAME = AccentColor;
				CODE_SIGN_STYLE = Automatic;
				CURRENT_PROJECT_VERSION = 1;
				DEVELOPMENT_TEAM = TCD4XHJF85;
				GENERATE_INFOPLIST_FILE = YES;
				INFOPLIST_FILE = Alula/Info.plist;
				INFOPLIST_KEY_UIApplicationSupportsIndirectInputEvents = YES;
				INFOPLIST_KEY_UILaunchStoryboardName = LaunchScreen;
				INFOPLIST_KEY_UISupportedInterfaceOrientations_iPad = "UIInterfaceOrientationPortrait UIInterfaceOrientationPortraitUpsideDown UIInterfaceOrientationLandscapeLeft UIInterfaceOrientationLandscapeRight";
				INFOPLIST_KEY_UISupportedInterfaceOrientations_iPhone = "UIInterfaceOrientationPortrait UIInterfaceOrientationLandscapeLeft UIInterfaceOrientationLandscapeRight";
				LD_RUNPATH_SEARCH_PATHS = (
					"$(inherited)",
					"@executable_path/Frameworks",
				);
				MARKETING_VERSION = 1.0;
				PRODUCT_BUNDLE_IDENTIFIER = com.mohamedSliem.Alula;
				PRODUCT_NAME = "$(TARGET_NAME)";
				SWIFT_EMIT_LOC_STRINGS = YES;
				SWIFT_VERSION = 5.0;
				TARGETED_DEVICE_FAMILY = "1,2";
			};
			name = Debug;
		};
		55F109CF2BBCBB7B00ECCA6B /* Release */ = {
			isa = XCBuildConfiguration;
			buildSettings = {
				ASSETCATALOG_COMPILER_APPICON_NAME = AppIcon;
				ASSETCATALOG_COMPILER_GLOBAL_ACCENT_COLOR_NAME = AccentColor;
				CODE_SIGN_STYLE = Automatic;
				CURRENT_PROJECT_VERSION = 1;
				DEVELOPMENT_TEAM = TCD4XHJF85;
				GENERATE_INFOPLIST_FILE = YES;
				INFOPLIST_FILE = Alula/Info.plist;
				INFOPLIST_KEY_UIApplicationSupportsIndirectInputEvents = YES;
				INFOPLIST_KEY_UILaunchStoryboardName = LaunchScreen;
				INFOPLIST_KEY_UISupportedInterfaceOrientations_iPad = "UIInterfaceOrientationPortrait UIInterfaceOrientationPortraitUpsideDown UIInterfaceOrientationLandscapeLeft UIInterfaceOrientationLandscapeRight";
				INFOPLIST_KEY_UISupportedInterfaceOrientations_iPhone = "UIInterfaceOrientationPortrait UIInterfaceOrientationLandscapeLeft UIInterfaceOrientationLandscapeRight";
				LD_RUNPATH_SEARCH_PATHS = (
					"$(inherited)",
					"@executable_path/Frameworks",
				);
				MARKETING_VERSION = 1.0;
				PRODUCT_BUNDLE_IDENTIFIER = com.mohamedSliem.Alula;
				PRODUCT_NAME = "$(TARGET_NAME)";
				SWIFT_EMIT_LOC_STRINGS = YES;
				SWIFT_VERSION = 5.0;
				TARGETED_DEVICE_FAMILY = "1,2";
			};
			name = Release;
		};
/* End XCBuildConfiguration section */

/* Begin XCConfigurationList section */
		55F109B42BBCBB7900ECCA6B /* Build configuration list for PBXProject "Alula" */ = {
			isa = XCConfigurationList;
			buildConfigurations = (
				55F109CB2BBCBB7B00ECCA6B /* Debug */,
				55F109CC2BBCBB7B00ECCA6B /* Release */,
			);
			defaultConfigurationIsVisible = 0;
			defaultConfigurationName = Release;
		};
		55F109CD2BBCBB7B00ECCA6B /* Build configuration list for PBXNativeTarget "Alula" */ = {
			isa = XCConfigurationList;
			buildConfigurations = (
				55F109CE2BBCBB7B00ECCA6B /* Debug */,
				55F109CF2BBCBB7B00ECCA6B /* Release */,
			);
			defaultConfigurationIsVisible = 0;
			defaultConfigurationName = Release;
		};
/* End XCConfigurationList section */

/* Begin XCLocalSwiftPackageReference section */
		55F109D82BBCBE5900ECCA6B /* XCLocalSwiftPackageReference "../iOSProjects/Utilits" */ = {
			isa = XCLocalSwiftPackageReference;
			relativePath = ../iOSProjects/Utilits;
		};
/* End XCLocalSwiftPackageReference section */

/* Begin XCSwiftPackageProductDependency section */
		55F109D92BBCBE5900ECCA6B /* Utilits */ = {
			isa = XCSwiftPackageProductDependency;
			productName = Utilits;
		};
/* End XCSwiftPackageProductDependency section */

/* Begin XCVersionGroup section */
		5529BA8B2BBED9DC00BF292F /* Products.xcdatamodeld */ = {
			isa = XCVersionGroup;
			children = (
				5529BA8C2BBED9DC00BF292F /* Products.xcdatamodel */,
			);
			currentVersion = 5529BA8C2BBED9DC00BF292F /* Products.xcdatamodel */;
			path = Products.xcdatamodeld;
			sourceTree = "<group>";
			versionGroupType = wrapper.xcdatamodel;
		};
/* End XCVersionGroup section */
	};
	rootObject = 55F109B12BBCBB7900ECCA6B /* Project object */;
}
